
Microsoft Visual Studio Solution File, Format Version 12.00
# Visual Studio Version 16
VisualStudioVersion = 16.0.31911.196
MinimumVisualStudioVersion = 10.0.40219.1
Project("{9A19103F-16F7-4668-BE54-9A1E7A4F7556}") = "ClassMetotDemo", "ClassMetotDemo\ClassMetotDemo.csproj", "{14F25B79-9211-4089-8614-AAC58F5981CC}"
EndProject
Project("{FAE04EC0-301F-11D3-BF4B-00C04F79EFBC}") = "Products", "Products\Products.csproj", "{1B0BE785-8DCE-419B-83C0-1E749B72A2E9}"
EndProject
Global
	GlobalSection(SolutionConfigurationPlatforms) = preSolution
		Debug|Any CPU = Debug|Any CPU
		Release|Any CPU = Release|Any CPU
	EndGlobalSection
	GlobalSection(ProjectConfigurationPlatforms) = postSolution
		{14F25B79-9211-4089-8614-AAC58F5981CC}.Debug|Any CPU.ActiveCfg = Debug|Any CPU
		{14F25B79-9211-4089-8614-AAC58F5981CC}.Debug|Any CPU.Build.0 = Debug|Any CPU
		{14F25B79-9211-4089-8614-AAC58F5981CC}.Release|Any CPU.ActiveCfg = Release|Any CPU
		{14F25B79-9211-4089-8614-AAC58F5981CC}.Release|Any CPU.Build.0 = Release|Any CPU
		{1B0BE785-8DCE-419B-83C0-1E749B72A2E9}.Debug|Any CPU.ActiveCfg = Debug|Any CPU
		{1B0BE785-8DCE-419B-83C0-1E749B72A2E9}.Debug|Any CPU.Build.0 = Debug|Any CPU
		{1B0BE785-8DCE-419B-83C0-1E749B72A2E9}.Release|Any CPU.ActiveCfg = Release|Any CPU
		{1B0BE785-8DCE-419B-83C0-1E749B72A2E9}.Release|Any CPU.Build.0 = Release|Any CPU
	EndGlobalSection
	GlobalSection(SolutionProperties) = preSolution
		HideSolutionNode = FALSE
	EndGlobalSection
	GlobalSection(ExtensibilityGlobals) = postSolution
		SolutionGuid = {087FAF92-8850-4AF0-9CC3-702D18B61E12}
	EndGlobalSection
EndGlobal
